
Microsoft Visual Studio Solution File, Format Version 12.00
# Visual Studio 14
VisualStudioVersion = 14.0.25123.0
MinimumVisualStudioVersion = 10.0.40219.1
Project("{24D89054-3FE9-40B9-9BA3-A3F8BCE2ED1C}") = "Sitecore.Support.146866", "Sitecore.Support.146866\Sitecore.Support.146866.csproj", "{A578FCF7-55BC-4D1B-83CB-D54A06A6F5BF}"
EndProject
Global
	GlobalSection(SolutionConfigurationPlatforms) = preSolution
		Debug|Any CPU = Debug|Any CPU
		Release|Any CPU = Release|Any CPU
	EndGlobalSection
	GlobalSection(ProjectConfigurationPlatforms) = postSolution
		{A578FCF7-55BC-4D1B-83CB-D54A06A6F5BF}.Debug|Any CPU.ActiveCfg = Debug|Any CPU
		{A578FCF7-55BC-4D1B-83CB-D54A06A6F5BF}.Debug|Any CPU.Build.0 = Debug|Any CPU
		{A578FCF7-55BC-4D1B-83CB-D54A06A6F5BF}.Release|Any CPU.ActiveCfg = Release|Any CPU
		{A578FCF7-55BC-4D1B-83CB-D54A06A6F5BF}.Release|Any CPU.Build.0 = Release|Any CPU
	EndGlobalSection
	GlobalSection(SolutionProperties) = preSolution
		HideSolutionNode = FALSE
	EndGlobalSection
EndGlobal
